github.com/davecgh/go-spew v1.1.0/go.mod h1:J7Y8YcW2NihsgmVo/mv3lAwl/skON4iLHjSsI+c5H38=
github.com/mattn/gowasmer v0.0.0-20210828000224-0732b1063aea h1:SCAX5QXHT5+xqLnw0PHUedM+Nudrfqc/RFPen0mkn6k=
github.com/mattn/gowasmer v0.0.0-20210828000224-0732b1063aea/go.mod h1:Gs92VjKXpZj7QGetn+k6Kh5L0Nv5AFAcYW9jcgTG5qk=
github.com/pmezard/go-difflib v1.0.0/go.mod h1:iKH77koFhYxTK1pcRnkKkqfTogsbg7gZNVY4sRDYZ/4=
github.com/stretchr/objx v0.1.0/go.mod h1:HFkY916IF+rwdDfMAkV7OtwuqBVzrE8GR6GFx+wExME=
github.com/stretchr/testify v1.7.0/go.mod h1:6Fq8oRcR53rry900zMqJjRRixrwX3KX962/h/Wwjteg=
github.com/wasmerio/wasmer-go v1.0.3 h1:9pWIlIqUKxALvFlWK8+Zy90qyqxd+8wlyVG91txh1TU=
github.com/wasmerio/wasmer-go v1.0.3/go.mod h1:0gzVdSfg6pysA6QVp6iVRPTagC6Wq9pOE8J86WKb2Fk=
gopkg.in/check.v1 v0.0.0-20161208181325-20d25e280405/go.mod h1:Co6ibVJAznAaIkqp8huTwlJQCZ016jof/cbN4VW5Yz0=
gopkg.in/yaml.v3 v3.0.0-20200313102051-9f266ea9e77c/go.mod h1:K4uyk7z7BCEPqu6E+C64Yfv1cQ7kz7rIZviUmN+EgEM=
