github.com/davecgh/go-spew v1.1.0/go.mod h1:J7Y8YcW2NihsgmVo/mv3lAwl/skON4iLHjSsI+c5H38=
github.com/go-interpreter/wagon v0.4.0 h1:4jVJLoG8Fu+Uy7l0zzpquCo0WfHokZ3gBkijsnxTYTU=
github.com/go-interpreter/wagon v0.4.0/go.mod h1:zHOMvbitcZek8oshsMO5VpyBjWjV9X8cn8WTZwdebpM=
github.com/pmezard/go-difflib v1.0.0/go.mod h1:iKH77koFhYxTK1pcRnkKkqfTogsbg7gZNVY4sRDYZ/4=
github.com/stretchr/objx v0.1.0/go.mod h1:HFkY916IF+rwdDfMAkV7OtwuqBVzrE8GR6GFx+wExME=
github.com/stretchr/testify v1.3.0/go.mod h1:M5WIy9Dh21IEIfnGCwXGc5bZfKNJtfHm1UVUgZn+9EI=
github.com/wasmerio/wasmer-go v0.0.0-20190522133517-c52507aa3614/go.mod h1:eMc2spdUoaytBSiXb6oJVSyzkYL2TePhYiv09mmP9lA=
github.com/wasmerio/wasmer-go v0.0.0-20190527144709-f55b2a820f3d h1:MHM7qfGonFze9WBpKRz+TicwIWOKr5U0+Jr/wY0hS/E=
github.com/wasmerio/wasmer-go v0.0.0-20190527144709-f55b2a820f3d/go.mod h1:UkqsV9/yC6+lwjqMq7fpBrxhhGKH0VzqT7nAFR4jS9I=
github.com/wasmerio/wasmer-go v0.0.0-20190527154049-20a5840a9e4f h1:xyPd41z0V3O555xDX+iUi69mbM3czwF99ALHI+UBphw=
github.com/wasmerio/wasmer-go v0.0.0-20190527154049-20a5840a9e4f/go.mod h1:UkqsV9/yC6+lwjqMq7fpBrxhhGKH0VzqT7nAFR4jS9I=
