github.com/davecgh/go-spew v1.1.0/go.mod h1:J7Y8YcW2NihsgmVo/mv3lAwl/skON4iLHjSsI+c5H38=
github.com/golang/protobuf v1.2.0/go.mod h1:6lQm79b+lXiMfvg/cZm0SGofjICqVBUtrP5yJMmIC1U=
github.com/perlin-network/life v0.0.0-20190521143330-57f3819c2df0 h1:fP9xTEHvfuArvWXQhRDYHSBNX/3ZaAfFKlxzpZtUsqs=
github.com/perlin-network/life v0.0.0-20190521143330-57f3819c2df0/go.mod h1:z/EH0mO9zbeuTT5NX4u2VqVSG8y2vDQXz6iDKxikW2I=
github.com/perlin-network/wagon v0.3.1-0.20180825141017-f8cb99b55a39 h1:CYHXy6CWxxL7ugjvCbTELOm2j5iRLEWGPl3AQYvretw=
github.com/perlin-network/wagon v0.3.1-0.20180825141017-f8cb99b55a39/go.mod h1:zHOMvbitcZek8oshsMO5VpyBjWjV9X8cn8WTZwdebpM=
github.com/pmezard/go-difflib v1.0.0/go.mod h1:iKH77koFhYxTK1pcRnkKkqfTogsbg7gZNVY4sRDYZ/4=
github.com/stretchr/objx v0.1.0/go.mod h1:HFkY916IF+rwdDfMAkV7OtwuqBVzrE8GR6GFx+wExME=
github.com/stretchr/testify v1.3.0/go.mod h1:M5WIy9Dh21IEIfnGCwXGc5bZfKNJtfHm1UVUgZn+9EI=
github.com/vmihailenco/msgpack v4.0.4+incompatible h1:dSLoQfGFAo3F6OoNhwUmLwVgaUXK79GlxNBwueZn0xI=
github.com/vmihailenco/msgpack v4.0.4+incompatible/go.mod h1:fy3FlTQTDXWkZ7Bh6AcGMlsjHatGryHQYUTf1ShIgkk=
github.com/wasmerio/go-ext-wasm v0.0.0-20190522133517-c52507aa3614 h1:8/q1Gs0ujWErtQYfjQwUC2zwtx6WcWJ09vvoHdw3ivM=
github.com/wasmerio/go-ext-wasm v0.0.0-20190522133517-c52507aa3614/go.mod h1:eMc2spdUoaytBSiXb6oJVSyzkYL2TePhYiv09mmP9lA=
github.com/wasmerio/go-ext-wasm v0.0.0-20190527154049-20a5840a9e4f h1:xyPd41z0V3O555xDX+iUi69mbM3czwF99ALHI+UBphw=
github.com/wasmerio/go-ext-wasm v0.0.0-20190527154049-20a5840a9e4f/go.mod h1:UkqsV9/yC6+lwjqMq7fpBrxhhGKH0VzqT7nAFR4jS9I=
golang.org/x/net v0.0.0-20180724234803-3673e40ba225/go.mod h1:mL1N/T3taQHkDXs73rZJwtUhF3w3ftmwwsq0BUmARs4=
golang.org/x/text v0.3.0/go.mod h1:NqM8EUOU14njkJ3fqMW+pc6Ldnwhi/IjpwHt7yyuwOQ=
golang.org/x/tools v0.0.0-20180917221912-90fa682c2a6e/go.mod h1:n7NCudcB/nEzxVGmLbDWY5pfWTLqBcC2KZ6jyYvM4mQ=
google.golang.org/appengine v1.6.0/go.mod h1:xpcJRLb0r/rnEns0DIKYYv+WjYCduHsrkT7/EB5XEv4=
